
Microsoft Visual Studio Solution File, Format Version 12.00
# Visual Studio 15
Project("{FAE04EC0-301F-11D3-BF4B-00C04F79EFBC}") = "Assembly-CSharp", "Assembly-CSharp.csproj", "{34EB66FF-8800-4E33-37B9-388EA48C4F0A}"
EndProject
Project("{FAE04EC0-301F-11D3-BF4B-00C04F79EFBC}") = "Assembly-CSharp-firstpass", "Assembly-CSharp-firstpass.csproj", "{8A4ABF29-FE40-898F-E291-65BCF6B8F8AA}"
EndProject
Project("{FAE04EC0-301F-11D3-BF4B-00C04F79EFBC}") = "Assembly-CSharp-Editor", "Assembly-CSharp-Editor.csproj", "{A147FF06-8FC4-A37B-8D20-5EC4B781FAE7}"
EndProject
Project("{FAE04EC0-301F-11D3-BF4B-00C04F79EFBC}") = "Assembly-CSharp-Editor-firstpass", "Assembly-CSharp-Editor-firstpass.csproj", "{132D8D7E-6DB0-6226-32DD-6780F34D8EC5}"
EndProject
Global
	GlobalSection(SolutionConfigurationPlatforms) = preSolution
		Debug|Any CPU = Debug|Any CPU
		Release|Any CPU = Release|Any CPU
	EndGlobalSection
	GlobalSection(ProjectConfigurationPlatforms) = postSolution
		{34EB66FF-8800-4E33-37B9-388EA48C4F0A}.Debug|Any CPU.ActiveCfg = Debug|Any CPU
		{34EB66FF-8800-4E33-37B9-388EA48C4F0A}.Debug|Any CPU.Build.0 = Debug|Any CPU
		{34EB66FF-8800-4E33-37B9-388EA48C4F0A}.Release|Any CPU.ActiveCfg = Release|Any CPU
		{34EB66FF-8800-4E33-37B9-388EA48C4F0A}.Release|Any CPU.Build.0 = Release|Any CPU
		{8A4ABF29-FE40-898F-E291-65BCF6B8F8AA}.Debug|Any CPU.ActiveCfg = Debug|Any CPU
		{8A4ABF29-FE40-898F-E291-65BCF6B8F8AA}.Debug|Any CPU.Build.0 = Debug|Any CPU
		{8A4ABF29-FE40-898F-E291-65BCF6B8F8AA}.Release|Any CPU.ActiveCfg = Release|Any CPU
		{8A4ABF29-FE40-898F-E291-65BCF6B8F8AA}.Release|Any CPU.Build.0 = Release|Any CPU
		{A147FF06-8FC4-A37B-8D20-5EC4B781FAE7}.Debug|Any CPU.ActiveCfg = Debug|Any CPU
		{A147FF06-8FC4-A37B-8D20-5EC4B781FAE7}.Debug|Any CPU.Build.0 = Debug|Any CPU
		{A147FF06-8FC4-A37B-8D20-5EC4B781FAE7}.Release|Any CPU.ActiveCfg = Release|Any CPU
		{A147FF06-8FC4-A37B-8D20-5EC4B781FAE7}.Release|Any CPU.Build.0 = Release|Any CPU
		{132D8D7E-6DB0-6226-32DD-6780F34D8EC5}.Debug|Any CPU.ActiveCfg = Debug|Any CPU
		{132D8D7E-6DB0-6226-32DD-6780F34D8EC5}.Debug|Any CPU.Build.0 = Debug|Any CPU
		{132D8D7E-6DB0-6226-32DD-6780F34D8EC5}.Release|Any CPU.ActiveCfg = Release|Any CPU
		{132D8D7E-6DB0-6226-32DD-6780F34D8EC5}.Release|Any CPU.Build.0 = Release|Any CPU
	EndGlobalSection
	GlobalSection(SolutionProperties) = preSolution
		HideSolutionNode = FALSE
	EndGlobalSection
EndGlobal
